# This file is automatically @generated by Poetry 1.8.4 and should not be changed by hand.

[[package]]
name = "py-udal-interface"
version = "0.1.0"
description = "Uniform Data Access Layer (UDAL) specification."
optional = false
python-versions = "*"
files = []
develop = false

[package.source]
type = "git"
url = "https://github.com/fair-ease/py-udal-interface.git"
reference = "HEAD"
resolved_reference = "4fccb7b3307091138f10925b934d4a5b03acdac5"

[metadata]
lock-version = "2.0"
python-versions = "^3.12"
content-hash = "d0e9edb5a38203db756f71b08dc5542841dedd8dd16a48d4a25fab2176c581cc"
